{
  "name": "@forzoom/picker",
  "version": "0.0.2",
  "lockfileVersion": 1,
  "dependencies": {
    "@forzoom/touch": {
      "version": "0.0.9",
      "resolved": "http://registry.npm.taobao.org/@forzoom/touch/download/@forzoom/touch-0.0.9.tgz",
      "integrity": "sha1-cPu0GwooTjsomx/I34Src1wLa6k="
    },
    "babel-plugin-transform-object-assign": {
      "version": "6.22.0",
      "resolved": "http://registry.npm.taobao.org/babel-plugin-transform-object-assign/download/babel-plugin-transform-object-assign-6.22.0.tgz",
      "integrity": "sha1-+Z0vZvGgsNSY40bFNZaEdAyqILo=",
      "dev": true
    },
    "babel-runtime": {
      "version": "6.26.0",
      "resolved": "http://registry.npm.taobao.org/babel-runtime/download/babel-runtime-6.26.0.tgz",
      "integrity": "sha1-llxwWGaOgrVde/4E/yM3vItWR/4=",
      "dev": true
    },
    "core-js": {
      "version": "2.5.1",
      "resolved": "http://registry.npm.taobao.org/core-js/download/core-js-2.5.1.tgz",
      "integrity": "sha1-rmh03GaTd4m4B1T/VCjfZoGcpQs=",
      "dev": true
    },
    "regenerator-runtime": {
      "version": "0.11.0",
      "resolved": "http://registry.npm.taobao.org/regenerator-runtime/download/regenerator-runtime-0.11.0.tgz",
      "integrity": "sha1-flT+W1zNXWYk6mJVw0c74JC4AuE=",
      "dev": true
    }
  }
}
