{
  "name": "@forzoom/picker",
  "version": "0.0.1",
  "lockfileVersion": 1,
  "dependencies": {
    "@forzoom/touch": {
      "version": "0.0.9",
      "resolved": "http://registry.npm.taobao.org/@forzoom/touch/download/@forzoom/touch-0.0.9.tgz",
      "integrity": "sha1-cPu0GwooTjsomx/I34Src1wLa6k="
    }
  }
}
